
Microsoft Visual Studio Solution File, Format Version 12.00
# Visual Studio Version 17
VisualStudioVersion = 17.12.35527.113 d17.12
MinimumVisualStudioVersion = 10.0.40219.1
Project("{F2A71F9B-5D33-465A-A702-920D77279786}") = "CleanLLMData", "CleanLLMData.fsproj", "{B6AB1293-6D27-45A7-9CEE-273FE56B2DA7}"
EndProject
Global
	GlobalSection(SolutionConfigurationPlatforms) = preSolution
		Debug|Any CPU = Debug|Any CPU
		Release|Any CPU = Release|Any CPU
	EndGlobalSection
	GlobalSection(ProjectConfigurationPlatforms) = postSolution
		{B6AB1293-6D27-45A7-9CEE-273FE56B2DA7}.Debug|Any CPU.ActiveCfg = Debug|Any CPU
		{B6AB1293-6D27-45A7-9CEE-273FE56B2DA7}.Debug|Any CPU.Build.0 = Debug|Any CPU
		{B6AB1293-6D27-45A7-9CEE-273FE56B2DA7}.Release|Any CPU.ActiveCfg = Release|Any CPU
		{B6AB1293-6D27-45A7-9CEE-273FE56B2DA7}.Release|Any CPU.Build.0 = Release|Any CPU
	EndGlobalSection
	GlobalSection(SolutionProperties) = preSolution
		HideSolutionNode = FALSE
	EndGlobalSection
EndGlobal
